
Microsoft Visual Studio Solution File, Format Version 12.00
# Visual Studio 2012
Project("{8BC9CEB8-8B4A-11D0-8D11-00A0C91BC942}") = "ztAutoService", "ztAutoService\ztAutoService.vcxproj", "{6888B108-3BFF-4901-8CD4-8D04420A24BF}"
EndProject
Global
	GlobalSection(SolutionConfigurationPlatforms) = preSolution
		Debug|Mixed Platforms = Debug|Mixed Platforms
		Debug|Win32 = Debug|Win32
		Debug|x86 = Debug|x86
		Release|Mixed Platforms = Release|Mixed Platforms
		Release|Win32 = Release|Win32
		Release|x86 = Release|x86
	EndGlobalSection
	GlobalSection(ProjectConfigurationPlatforms) = postSolution
		{6888B108-3BFF-4901-8CD4-8D04420A24BF}.Debug|Mixed Platforms.ActiveCfg = Debug|Win32
		{6888B108-3BFF-4901-8CD4-8D04420A24BF}.Debug|Mixed Platforms.Build.0 = Debug|Win32
		{6888B108-3BFF-4901-8CD4-8D04420A24BF}.Debug|Win32.ActiveCfg = Debug|Win32
		{6888B108-3BFF-4901-8CD4-8D04420A24BF}.Debug|Win32.Build.0 = Debug|Win32
		{6888B108-3BFF-4901-8CD4-8D04420A24BF}.Debug|x86.ActiveCfg = Debug|Win32
		{6888B108-3BFF-4901-8CD4-8D04420A24BF}.Debug|x86.Build.0 = Debug|Win32
		{6888B108-3BFF-4901-8CD4-8D04420A24BF}.Release|Mixed Platforms.ActiveCfg = Release|Win32
		{6888B108-3BFF-4901-8CD4-8D04420A24BF}.Release|Mixed Platforms.Build.0 = Release|Win32
		{6888B108-3BFF-4901-8CD4-8D04420A24BF}.Release|Win32.ActiveCfg = Release|Win32
		{6888B108-3BFF-4901-8CD4-8D04420A24BF}.Release|Win32.Build.0 = Release|Win32
		{6888B108-3BFF-4901-8CD4-8D04420A24BF}.Release|x86.ActiveCfg = Release|Win32
		{6888B108-3BFF-4901-8CD4-8D04420A24BF}.Release|x86.Build.0 = Release|Win32
	EndGlobalSection
	GlobalSection(SolutionProperties) = preSolution
		HideSolutionNode = FALSE
	EndGlobalSection
	GlobalSection(ExtensibilityGlobals) = postSolution
		SolutionGuid = {71871892-7A69-49E5-A95C-5D60C3848F41}
	EndGlobalSection
EndGlobal
